
Microsoft Visual Studio Solution File, Format Version 12.00
# Visual Studio Version 17
VisualStudioVersion = 17.12.35514.174 d17.12
MinimumVisualStudioVersion = 10.0.40219.1
Project("{FAE04EC0-301F-11D3-BF4B-00C04F79EFBC}") = "Company.API", "Company.API\Company.API.csproj", "{B6416B13-2E36-403B-BB49-9A017A7DB97B}"
EndProject
Project("{FAE04EC0-301F-11D3-BF4B-00C04F79EFBC}") = "Company.Application", "Company.Application\Company.Application.csproj", "{75BC505F-79BC-4FC0-A556-FF23F98D231A}"
EndProject
Project("{E53339B2-1760-4266-BCC7-CA923CBCF16C}") = "Company", "Company.dcproj", "{876BED9A-6A50-49A7-AF28-FBA3138285D0}"
EndProject
Project("{2150E333-8FDC-42A3-9474-1A3956D46DE8}") = "Solution Items", "Solution Items", "{3AE1055A-7D9A-4227-BD47-DE51643B7E0F}"
	ProjectSection(SolutionItems) = preProject
		.editorconfig = .editorconfig
		README.md = README.md
	EndProjectSection
EndProject
Project("{FAE04EC0-301F-11D3-BF4B-00C04F79EFBC}") = "Company.Domain", "Company.Domain\Company.Domain.csproj", "{398F5BA5-9436-414C-AD16-60A1E26050E9}"
EndProject
Project("{FAE04EC0-301F-11D3-BF4B-00C04F79EFBC}") = "Company.Infrastructure", "Company.Infrastructure\Company.Infrastructure.csproj", "{C984F159-6D3E-4C35-86A0-2BCF24D628C5}"
EndProject
Project("{FAE04EC0-301F-11D3-BF4B-00C04F79EFBC}") = "Company.Shared", "Company.Shared\Company.Shared.csproj", "{09D0183F-C44B-40CD-9655-49D6677461F3}"
EndProject
Global
	GlobalSection(SolutionConfigurationPlatforms) = preSolution
		Debug|Any CPU = Debug|Any CPU
		Release|Any CPU = Release|Any CPU
	EndGlobalSection
	GlobalSection(ProjectConfigurationPlatforms) = postSolution
		{B6416B13-2E36-403B-BB49-9A017A7DB97B}.Debug|Any CPU.ActiveCfg = Debug|Any CPU
		{B6416B13-2E36-403B-BB49-9A017A7DB97B}.Debug|Any CPU.Build.0 = Debug|Any CPU
		{B6416B13-2E36-403B-BB49-9A017A7DB97B}.Release|Any CPU.ActiveCfg = Release|Any CPU
		{B6416B13-2E36-403B-BB49-9A017A7DB97B}.Release|Any CPU.Build.0 = Release|Any CPU
		{75BC505F-79BC-4FC0-A556-FF23F98D231A}.Debug|Any CPU.ActiveCfg = Debug|Any CPU
		{75BC505F-79BC-4FC0-A556-FF23F98D231A}.Debug|Any CPU.Build.0 = Debug|Any CPU
		{75BC505F-79BC-4FC0-A556-FF23F98D231A}.Release|Any CPU.ActiveCfg = Release|Any CPU
		{75BC505F-79BC-4FC0-A556-FF23F98D231A}.Release|Any CPU.Build.0 = Release|Any CPU
		{876BED9A-6A50-49A7-AF28-FBA3138285D0}.Debug|Any CPU.ActiveCfg = Debug|Any CPU
		{876BED9A-6A50-49A7-AF28-FBA3138285D0}.Debug|Any CPU.Build.0 = Debug|Any CPU
		{876BED9A-6A50-49A7-AF28-FBA3138285D0}.Release|Any CPU.ActiveCfg = Release|Any CPU
		{876BED9A-6A50-49A7-AF28-FBA3138285D0}.Release|Any CPU.Build.0 = Release|Any CPU
		{398F5BA5-9436-414C-AD16-60A1E26050E9}.Debug|Any CPU.ActiveCfg = Debug|Any CPU
		{398F5BA5-9436-414C-AD16-60A1E26050E9}.Debug|Any CPU.Build.0 = Debug|Any CPU
		{398F5BA5-9436-414C-AD16-60A1E26050E9}.Release|Any CPU.ActiveCfg = Release|Any CPU
		{398F5BA5-9436-414C-AD16-60A1E26050E9}.Release|Any CPU.Build.0 = Release|Any CPU
		{C984F159-6D3E-4C35-86A0-2BCF24D628C5}.Debug|Any CPU.ActiveCfg = Debug|Any CPU
		{C984F159-6D3E-4C35-86A0-2BCF24D628C5}.Debug|Any CPU.Build.0 = Debug|Any CPU
		{C984F159-6D3E-4C35-86A0-2BCF24D628C5}.Release|Any CPU.ActiveCfg = Release|Any CPU
		{C984F159-6D3E-4C35-86A0-2BCF24D628C5}.Release|Any CPU.Build.0 = Release|Any CPU
		{09D0183F-C44B-40CD-9655-49D6677461F3}.Debug|Any CPU.ActiveCfg = Debug|Any CPU
		{09D0183F-C44B-40CD-9655-49D6677461F3}.Debug|Any CPU.Build.0 = Debug|Any CPU
		{09D0183F-C44B-40CD-9655-49D6677461F3}.Release|Any CPU.ActiveCfg = Release|Any CPU
		{09D0183F-C44B-40CD-9655-49D6677461F3}.Release|Any CPU.Build.0 = Release|Any CPU
	EndGlobalSection
	GlobalSection(SolutionProperties) = preSolution
		HideSolutionNode = FALSE
	EndGlobalSection
EndGlobal
